# THIS IS AN AUTOGENERATED FILE. DO NOT EDIT THIS FILE DIRECTLY.
# yarn lockfile v1


"@jsep-plugin/numbers@^1.0.1":
  version "1.0.1"
  resolved "https://registry.npmmirror.com/@jsep-plugin/numbers/-/numbers-1.0.1.tgz#6ad5406cd3b42fa4f657e5ab13994cf2f8b09fab"
  integrity sha512-SdZgumrnEKcKSr1IA+yHY9RXwnGFO8BBh3hXHKxJUIodEsl1tFrKtapHGKtbi2jSX9RIig9sfumNJfI1/MYHng==

"@jsep-plugin/template@^1.0.3":
  version "1.0.3"
  resolved "https://registry.npmmirror.com/@jsep-plugin/template/-/template-1.0.3.tgz#240f30ac6aafba12125897c07c8bf892775c3540"
  integrity sha512-7or1fc0inYXQtUp1U22xYCEa1xYwcmlCkcd25lgpTXnByL2g36Qyvib9gpJahX32pyzaVtv/DuOFr1BlfRihNw==

jsep@^1.3.8:
  version "1.3.8"
  resolved "https://registry.npmmirror.com/jsep/-/jsep-1.3.8.tgz#facb6eb908d085d71d950bd2b24b757c7b8a46d7"
  integrity sha512-qofGylTGgYj9gZFsHuyWAN4jr35eJ66qJCK4eKDnldohuUoQFbU3iZn2zjvEbd9wOAhP9Wx5DsAAduTyE1PSWQ==

typescript@^5.3.3:
  version "5.3.3"
  resolved "https://registry.npmmirror.com/typescript/-/typescript-5.3.3.tgz#b3ce6ba258e72e6305ba66f5c9b452aaee3ffe37"
  integrity sha512-pXWcraxM0uxAS+tN0AG/BF2TyqmHO014Z070UsJ+pFvYuRSq8KH8DmWpnbXe0pEPDHXZV3FcAbJkijJ5oNEnWw==
